PODS:
  - NeoSkeuomorphKit (0.1.0)
  - SwiftLint (0.38.0)

DEPENDENCIES:
  - NeoSkeuomorphKit (from `../`)
  - SwiftLint

SPEC REPOS:
  trunk:
    - SwiftLint

EXTERNAL SOURCES:
  NeoSkeuomorphKit:
    :path: "../"

SPEC CHECKSUMS:
  NeoSkeuomorphKit: 2bc72ecdc967cb042cd5ceb5dd938335e9993615
  SwiftLint: 4105f061f9812b214568b736dab580ab2c73a582

PODFILE CHECKSUM: 505feb086d4768140c93c8a4faa9d07e04cb7599

COCOAPODS: 1.8.4
