PODS:
  - NeoSkeuomorphKit (0.1.0)
  - SwiftLint (0.39.2)

DEPENDENCIES:
  - NeoSkeuomorphKit (from `../`)
  - SwiftLint

SPEC REPOS:
  trunk:
    - SwiftLint

EXTERNAL SOURCES:
  NeoSkeuomorphKit:
    :path: "../"

SPEC CHECKSUMS:
  NeoSkeuomorphKit: 2bc72ecdc967cb042cd5ceb5dd938335e9993615
  SwiftLint: 22ccbbe3b8008684be5955693bab135e0ed6a447

PODFILE CHECKSUM: 505feb086d4768140c93c8a4faa9d07e04cb7599

COCOAPODS: 1.8.4
