PODS:
  - NeoSkeuomorphKit (0.1.0)
  - SwiftLint (0.38.0)

DEPENDENCIES:
  - NeoSkeuomorphKit (from `../`)
  - SwiftLint

SPEC REPOS:
  trunk:
    - SwiftLint

EXTERNAL SOURCES:
  NeoSkeuomorphKit:
    :path: "../"

SPEC CHECKSUMS:
  NeoSkeuomorphKit: 04a9f3f472e24b4b417d6e12b9fc950fea7f7751
  SwiftLint: 4105f061f9812b214568b736dab580ab2c73a582

PODFILE CHECKSUM: 5be8f6119966d326ed89cb50bbd118d546451ea0

COCOAPODS: 1.8.4
